
Microsoft Visual Studio Solution File, Format Version 12.00
# Visual Studio 15
VisualStudioVersion = 15.0.28307.329
MinimumVisualStudioVersion = 10.0.40219.1
Project("{FAE04EC0-301F-11D3-BF4B-00C04F79EFBC}") = "channelbot-2", "channelbot-2\channelbot-2.csproj", "{EDF41D9B-6F7E-4F8D-A451-BC1AE9504A14}"
EndProject
Global
	GlobalSection(SolutionConfigurationPlatforms) = preSolution
		Debug|Any CPU = Debug|Any CPU
		Release|Any CPU = Release|Any CPU
	EndGlobalSection
	GlobalSection(ProjectConfigurationPlatforms) = postSolution
		{EDF41D9B-6F7E-4F8D-A451-BC1AE9504A14}.Debug|Any CPU.ActiveCfg = Debug|Any CPU
		{EDF41D9B-6F7E-4F8D-A451-BC1AE9504A14}.Debug|Any CPU.Build.0 = Debug|Any CPU
		{EDF41D9B-6F7E-4F8D-A451-BC1AE9504A14}.Release|Any CPU.ActiveCfg = Release|Any CPU
		{EDF41D9B-6F7E-4F8D-A451-BC1AE9504A14}.Release|Any CPU.Build.0 = Release|Any CPU
	EndGlobalSection
	GlobalSection(SolutionProperties) = preSolution
		HideSolutionNode = FALSE
	EndGlobalSection
	GlobalSection(ExtensibilityGlobals) = postSolution
		SolutionGuid = {200EA2C9-7721-4A8C-89F5-F2909D59E0F0}
	EndGlobalSection
EndGlobal
